
Microsoft Visual Studio Solution File, Format Version 12.00
# Visual Studio Version 16
VisualStudioVersion = 16.0.32802.440
MinimumVisualStudioVersion = 10.0.40219.1
Project("{FAE04EC0-301F-11D3-BF4B-00C04F79EFBC}") = "AddIn_PartNumber", "AddIn_PartNumber.csproj", "{D9A6F677-1523-41F6-8251-DD669C04E378}"
EndProject
Global
	GlobalSection(SolutionConfigurationPlatforms) = preSolution
		Debug|Any CPU = Debug|Any CPU
		Release|Any CPU = Release|Any CPU
	EndGlobalSection
	GlobalSection(ProjectConfigurationPlatforms) = postSolution
		{D9A6F677-1523-41F6-8251-DD669C04E378}.Debug|Any CPU.ActiveCfg = Debug|Any CPU
		{D9A6F677-1523-41F6-8251-DD669C04E378}.Debug|Any CPU.Build.0 = Debug|Any CPU
		{D9A6F677-1523-41F6-8251-DD669C04E378}.Release|Any CPU.ActiveCfg = Release|Any CPU
		{D9A6F677-1523-41F6-8251-DD669C04E378}.Release|Any CPU.Build.0 = Release|Any CPU
	EndGlobalSection
	GlobalSection(SolutionProperties) = preSolution
		HideSolutionNode = FALSE
	EndGlobalSection
	GlobalSection(ExtensibilityGlobals) = postSolution
		SolutionGuid = {327B8A1D-856C-4C47-82EB-EE5114880C5C}
	EndGlobalSection
EndGlobal
